
Microsoft Visual Studio Solution File, Format Version 12.00
# Visual Studio 15
VisualStudioVersion = 15.0.26228.4
MinimumVisualStudioVersion = 10.0.40219.1
Project("{8BC9CEB8-8B4A-11D0-8D11-00A0C91BC942}") = "2017_08_06_02求π的值", "..\2017_08_06_02求π的值\2017_08_06_02求π的值.vcxproj", "{855B0553-3BD4-4F35-9233-61CDE06A9172}"
EndProject
Project("{8BC9CEB8-8B4A-11D0-8D11-00A0C91BC942}") = "2017_08_07_01求回文数", "..\2017_08_07_01求回文数\2017_08_07_01求回文数.vcxproj", "{6896A118-6F67-4282-8AA7-5E188563259F}"
EndProject
Project("{8BC9CEB8-8B4A-11D0-8D11-00A0C91BC942}") = "2017_08_07_02计算分段函数的值", "..\2017_08_07_02计算分段函数的值\2017_08_07_02计算分段函数的值.vcxproj", "{B1B89A93-24B8-4D68-8C85-FDD0AAECAE2D}"
EndProject
Project("{8BC9CEB8-8B4A-11D0-8D11-00A0C91BC942}") = "2017_08_06", "2017_08_06.vcxproj.vcxproj", "{5B0D32CB-39CF-4656-BEC7-F0F3B184B93D}"
EndProject
Project("{8BC9CEB8-8B4A-11D0-8D11-00A0C91BC942}") = "2017_08_07_03投骰子的游戏", "..\2017_08_07_03投骰子的游戏\2017_08_07_03投骰子的游戏.vcxproj", "{0D4E807B-5D52-4688-A4A4-1AC0C1BEB3AA}"
EndProject
Project("{8BC9CEB8-8B4A-11D0-8D11-00A0C91BC942}") = "2017_08_07_04递归的方法求n的阶乘", "..\2017_08_07_04递归的方法求n的阶乘\2017_08_07_04递归的方法求n的阶乘.vcxproj", "{C0BEA9F6-E711-4911-9D10-03035D9F6306}"
EndProject
Project("{8BC9CEB8-8B4A-11D0-8D11-00A0C91BC942}") = "2017_08_07_05递归法计算从n个人中选选k个人的组合数", "..\2017_08_07_05递归法计算从n个人中选选k个人的组合数\2017_08_07_05递归法计算从n个人中选选k个人的组合数.vcxproj", "{1C4C733F-81DD-42B2-8D6D-4A783F95F9DE}"
EndProject
Project("{8BC9CEB8-8B4A-11D0-8D11-00A0C91BC942}") = "2017_08_07_06汉诺塔问题", "..\2017_08_07_06汉诺塔问题\2017_08_07_06汉诺塔问题.vcxproj", "{6BA61C76-DDC6-491F-B731-DFBF59621090}"
EndProject
Project("{8BC9CEB8-8B4A-11D0-8D11-00A0C91BC942}") = "2017_08_07_07带默认参数的函数求长方体的体积", "..\2017_08_07_07带默认参数的函数求长方体的体积\2017_08_07_07带默认参数的函数求长方体的体积.vcxproj", "{019E971D-4764-4EDE-BAA4-34A7F30B1137}"
EndProject
Global
	GlobalSection(SolutionConfigurationPlatforms) = preSolution
		Debug|x64 = Debug|x64
		Debug|x86 = Debug|x86
		Release|x64 = Release|x64
		Release|x86 = Release|x86
	EndGlobalSection
	GlobalSection(ProjectConfigurationPlatforms) = postSolution
		{855B0553-3BD4-4F35-9233-61CDE06A9172}.Debug|x64.ActiveCfg = Debug|x64
		{855B0553-3BD4-4F35-9233-61CDE06A9172}.Debug|x64.Build.0 = Debug|x64
		{855B0553-3BD4-4F35-9233-61CDE06A9172}.Debug|x86.ActiveCfg = Debug|Win32
		{855B0553-3BD4-4F35-9233-61CDE06A9172}.Debug|x86.Build.0 = Debug|Win32
		{855B0553-3BD4-4F35-9233-61CDE06A9172}.Release|x64.ActiveCfg = Release|x64
		{855B0553-3BD4-4F35-9233-61CDE06A9172}.Release|x64.Build.0 = Release|x64
		{855B0553-3BD4-4F35-9233-61CDE06A9172}.Release|x86.ActiveCfg = Release|Win32
		{855B0553-3BD4-4F35-9233-61CDE06A9172}.Release|x86.Build.0 = Release|Win32
		{6896A118-6F67-4282-8AA7-5E188563259F}.Debug|x64.ActiveCfg = Debug|x64
		{6896A118-6F67-4282-8AA7-5E188563259F}.Debug|x64.Build.0 = Debug|x64
		{6896A118-6F67-4282-8AA7-5E188563259F}.Debug|x86.ActiveCfg = Debug|Win32
		{6896A118-6F67-4282-8AA7-5E188563259F}.Debug|x86.Build.0 = Debug|Win32
		{6896A118-6F67-4282-8AA7-5E188563259F}.Release|x64.ActiveCfg = Release|x64
		{6896A118-6F67-4282-8AA7-5E188563259F}.Release|x64.Build.0 = Release|x64
		{6896A118-6F67-4282-8AA7-5E188563259F}.Release|x86.ActiveCfg = Release|Win32
		{6896A118-6F67-4282-8AA7-5E188563259F}.Release|x86.Build.0 = Release|Win32
		{B1B89A93-24B8-4D68-8C85-FDD0AAECAE2D}.Debug|x64.ActiveCfg = Debug|x64
		{B1B89A93-24B8-4D68-8C85-FDD0AAECAE2D}.Debug|x64.Build.0 = Debug|x64
		{B1B89A93-24B8-4D68-8C85-FDD0AAECAE2D}.Debug|x86.ActiveCfg = Debug|Win32
		{B1B89A93-24B8-4D68-8C85-FDD0AAECAE2D}.Debug|x86.Build.0 = Debug|Win32
		{B1B89A93-24B8-4D68-8C85-FDD0AAECAE2D}.Release|x64.ActiveCfg = Release|x64
		{B1B89A93-24B8-4D68-8C85-FDD0AAECAE2D}.Release|x64.Build.0 = Release|x64
		{B1B89A93-24B8-4D68-8C85-FDD0AAECAE2D}.Release|x86.ActiveCfg = Release|Win32
		{B1B89A93-24B8-4D68-8C85-FDD0AAECAE2D}.Release|x86.Build.0 = Release|Win32
		{5B0D32CB-39CF-4656-BEC7-F0F3B184B93D}.Debug|x64.ActiveCfg = Debug|x64
		{5B0D32CB-39CF-4656-BEC7-F0F3B184B93D}.Debug|x64.Build.0 = Debug|x64
		{5B0D32CB-39CF-4656-BEC7-F0F3B184B93D}.Debug|x86.ActiveCfg = Debug|Win32
		{5B0D32CB-39CF-4656-BEC7-F0F3B184B93D}.Debug|x86.Build.0 = Debug|Win32
		{5B0D32CB-39CF-4656-BEC7-F0F3B184B93D}.Release|x64.ActiveCfg = Release|x64
		{5B0D32CB-39CF-4656-BEC7-F0F3B184B93D}.Release|x64.Build.0 = Release|x64
		{5B0D32CB-39CF-4656-BEC7-F0F3B184B93D}.Release|x86.ActiveCfg = Release|Win32
		{5B0D32CB-39CF-4656-BEC7-F0F3B184B93D}.Release|x86.Build.0 = Release|Win32
		{0D4E807B-5D52-4688-A4A4-1AC0C1BEB3AA}.Debug|x64.ActiveCfg = Debug|x64
		{0D4E807B-5D52-4688-A4A4-1AC0C1BEB3AA}.Debug|x64.Build.0 = Debug|x64
		{0D4E807B-5D52-4688-A4A4-1AC0C1BEB3AA}.Debug|x86.ActiveCfg = Debug|Win32
		{0D4E807B-5D52-4688-A4A4-1AC0C1BEB3AA}.Debug|x86.Build.0 = Debug|Win32
		{0D4E807B-5D52-4688-A4A4-1AC0C1BEB3AA}.Release|x64.ActiveCfg = Release|x64
		{0D4E807B-5D52-4688-A4A4-1AC0C1BEB3AA}.Release|x64.Build.0 = Release|x64
		{0D4E807B-5D52-4688-A4A4-1AC0C1BEB3AA}.Release|x86.ActiveCfg = Release|Win32
		{0D4E807B-5D52-4688-A4A4-1AC0C1BEB3AA}.Release|x86.Build.0 = Release|Win32
		{C0BEA9F6-E711-4911-9D10-03035D9F6306}.Debug|x64.ActiveCfg = Debug|x64
		{C0BEA9F6-E711-4911-9D10-03035D9F6306}.Debug|x64.Build.0 = Debug|x64
		{C0BEA9F6-E711-4911-9D10-03035D9F6306}.Debug|x86.ActiveCfg = Debug|Win32
		{C0BEA9F6-E711-4911-9D10-03035D9F6306}.Debug|x86.Build.0 = Debug|Win32
		{C0BEA9F6-E711-4911-9D10-03035D9F6306}.Release|x64.ActiveCfg = Release|x64
		{C0BEA9F6-E711-4911-9D10-03035D9F6306}.Release|x64.Build.0 = Release|x64
		{C0BEA9F6-E711-4911-9D10-03035D9F6306}.Release|x86.ActiveCfg = Release|Win32
		{C0BEA9F6-E711-4911-9D10-03035D9F6306}.Release|x86.Build.0 = Release|Win32
		{1C4C733F-81DD-42B2-8D6D-4A783F95F9DE}.Debug|x64.ActiveCfg = Debug|x64
		{1C4C733F-81DD-42B2-8D6D-4A783F95F9DE}.Debug|x64.Build.0 = Debug|x64
		{1C4C733F-81DD-42B2-8D6D-4A783F95F9DE}.Debug|x86.ActiveCfg = Debug|Win32
		{1C4C733F-81DD-42B2-8D6D-4A783F95F9DE}.Debug|x86.Build.0 = Debug|Win32
		{1C4C733F-81DD-42B2-8D6D-4A783F95F9DE}.Release|x64.ActiveCfg = Release|x64
		{1C4C733F-81DD-42B2-8D6D-4A783F95F9DE}.Release|x64.Build.0 = Release|x64
		{1C4C733F-81DD-42B2-8D6D-4A783F95F9DE}.Release|x86.ActiveCfg = Release|Win32
		{1C4C733F-81DD-42B2-8D6D-4A783F95F9DE}.Release|x86.Build.0 = Release|Win32
		{6BA61C76-DDC6-491F-B731-DFBF59621090}.Debug|x64.ActiveCfg = Debug|x64
		{6BA61C76-DDC6-491F-B731-DFBF59621090}.Debug|x64.Build.0 = Debug|x64
		{6BA61C76-DDC6-491F-B731-DFBF59621090}.Debug|x86.ActiveCfg = Debug|Win32
		{6BA61C76-DDC6-491F-B731-DFBF59621090}.Debug|x86.Build.0 = Debug|Win32
		{6BA61C76-DDC6-491F-B731-DFBF59621090}.Release|x64.ActiveCfg = Release|x64
		{6BA61C76-DDC6-491F-B731-DFBF59621090}.Release|x64.Build.0 = Release|x64
		{6BA61C76-DDC6-491F-B731-DFBF59621090}.Release|x86.ActiveCfg = Release|Win32
		{6BA61C76-DDC6-491F-B731-DFBF59621090}.Release|x86.Build.0 = Release|Win32
		{019E971D-4764-4EDE-BAA4-34A7F30B1137}.Debug|x64.ActiveCfg = Debug|x64
		{019E971D-4764-4EDE-BAA4-34A7F30B1137}.Debug|x64.Build.0 = Debug|x64
		{019E971D-4764-4EDE-BAA4-34A7F30B1137}.Debug|x86.ActiveCfg = Debug|Win32
		{019E971D-4764-4EDE-BAA4-34A7F30B1137}.Debug|x86.Build.0 = Debug|Win32
		{019E971D-4764-4EDE-BAA4-34A7F30B1137}.Release|x64.ActiveCfg = Release|x64
		{019E971D-4764-4EDE-BAA4-34A7F30B1137}.Release|x64.Build.0 = Release|x64
		{019E971D-4764-4EDE-BAA4-34A7F30B1137}.Release|x86.ActiveCfg = Release|Win32
		{019E971D-4764-4EDE-BAA4-34A7F30B1137}.Release|x86.Build.0 = Release|Win32
	EndGlobalSection
	GlobalSection(SolutionProperties) = preSolution
		HideSolutionNode = FALSE
	EndGlobalSection
EndGlobal
